
Microsoft Visual Studio Solution File, Format Version 12.00
Project("{FAE04EC0-301F-11D3-BF4B-00C04F79EFBC}") = "COMServer", "COMServer\COMServer.csproj", "{BB1392A4-BDFB-40E2-9C7D-69BE456BF639}"
EndProject
Project("{FAE04EC0-301F-11D3-BF4B-00C04F79EFBC}") = "COMClient", "COMClient\COMClient.csproj", "{32C57671-42BC-4EA3-9ACE-52E0714CDA2A}"
EndProject
Global
	GlobalSection(SolutionConfigurationPlatforms) = preSolution
		Debug|Any CPU = Debug|Any CPU
		Release|Any CPU = Release|Any CPU
	EndGlobalSection
	GlobalSection(ProjectConfigurationPlatforms) = postSolution
		{BB1392A4-BDFB-40E2-9C7D-69BE456BF639}.Debug|Any CPU.ActiveCfg = Debug|Any CPU
		{BB1392A4-BDFB-40E2-9C7D-69BE456BF639}.Debug|Any CPU.Build.0 = Debug|Any CPU
		{BB1392A4-BDFB-40E2-9C7D-69BE456BF639}.Release|Any CPU.ActiveCfg = Release|Any CPU
		{BB1392A4-BDFB-40E2-9C7D-69BE456BF639}.Release|Any CPU.Build.0 = Release|Any CPU
		{32C57671-42BC-4EA3-9ACE-52E0714CDA2A}.Debug|Any CPU.ActiveCfg = Debug|Any CPU
		{32C57671-42BC-4EA3-9ACE-52E0714CDA2A}.Debug|Any CPU.Build.0 = Debug|Any CPU
		{32C57671-42BC-4EA3-9ACE-52E0714CDA2A}.Release|Any CPU.ActiveCfg = Release|Any CPU
		{32C57671-42BC-4EA3-9ACE-52E0714CDA2A}.Release|Any CPU.Build.0 = Release|Any CPU
	EndGlobalSection
EndGlobal
